
Microsoft Visual Studio Solution File, Format Version 12.00
# Visual Studio 15
VisualStudioVersion = 15.0.27004.2005
MinimumVisualStudioVersion = 10.0.40219.1
Project("{9A19103F-16F7-4668-BE54-9A1E7A4F7556}") = "SportsStore", "SportsStore.csproj", "{FBC8EF5F-0040-477C-ACA1-824E31B9384B}"
EndProject
Global
	GlobalSection(SolutionConfigurationPlatforms) = preSolution
		Debug|Any CPU = Debug|Any CPU
		Release|Any CPU = Release|Any CPU
	EndGlobalSection
	GlobalSection(ProjectConfigurationPlatforms) = postSolution
		{FBC8EF5F-0040-477C-ACA1-824E31B9384B}.Debug|Any CPU.ActiveCfg = Debug|Any CPU
		{FBC8EF5F-0040-477C-ACA1-824E31B9384B}.Debug|Any CPU.Build.0 = Debug|Any CPU
		{FBC8EF5F-0040-477C-ACA1-824E31B9384B}.Release|Any CPU.ActiveCfg = Release|Any CPU
		{FBC8EF5F-0040-477C-ACA1-824E31B9384B}.Release|Any CPU.Build.0 = Release|Any CPU
	EndGlobalSection
	GlobalSection(SolutionProperties) = preSolution
		HideSolutionNode = FALSE
	EndGlobalSection
	GlobalSection(ExtensibilityGlobals) = postSolution
		SolutionGuid = {9B428FB0-0E20-48E7-90EF-6ECE825632C6}
	EndGlobalSection
EndGlobal
